
Microsoft Visual Studio Solution File, Format Version 12.00
# Visual Studio Version 17
VisualStudioVersion = 17.3.32825.248
MinimumVisualStudioVersion = 10.0.40219.1
Project("{FAE04EC0-301F-11D3-BF4B-00C04F79EFBC}") = "BrianLiuAssignment1", "BrianLiuAssignment1\BrianLiuAssignment1.csproj", "{5293574A-C563-404F-8AE9-64F8020C4EE5}"
EndProject
Project("{FAE04EC0-301F-11D3-BF4B-00C04F79EFBC}") = "BrianLiuAssignment1Console", "BrianLiuAssignment1Console\BrianLiuAssignment1Console.csproj", "{D709B1EF-AD14-47A9-89A3-4E68655AF0BB}"
	ProjectSection(ProjectDependencies) = postProject
		{5293574A-C563-404F-8AE9-64F8020C4EE5} = {5293574A-C563-404F-8AE9-64F8020C4EE5}
	EndProjectSection
EndProject
Global
	GlobalSection(SolutionConfigurationPlatforms) = preSolution
		Debug|Any CPU = Debug|Any CPU
		Release|Any CPU = Release|Any CPU
	EndGlobalSection
	GlobalSection(ProjectConfigurationPlatforms) = postSolution
		{5293574A-C563-404F-8AE9-64F8020C4EE5}.Debug|Any CPU.ActiveCfg = Debug|Any CPU
		{5293574A-C563-404F-8AE9-64F8020C4EE5}.Debug|Any CPU.Build.0 = Debug|Any CPU
		{5293574A-C563-404F-8AE9-64F8020C4EE5}.Release|Any CPU.ActiveCfg = Release|Any CPU
		{5293574A-C563-404F-8AE9-64F8020C4EE5}.Release|Any CPU.Build.0 = Release|Any CPU
		{D709B1EF-AD14-47A9-89A3-4E68655AF0BB}.Debug|Any CPU.ActiveCfg = Debug|Any CPU
		{D709B1EF-AD14-47A9-89A3-4E68655AF0BB}.Debug|Any CPU.Build.0 = Debug|Any CPU
		{D709B1EF-AD14-47A9-89A3-4E68655AF0BB}.Release|Any CPU.ActiveCfg = Release|Any CPU
		{D709B1EF-AD14-47A9-89A3-4E68655AF0BB}.Release|Any CPU.Build.0 = Release|Any CPU
	EndGlobalSection
	GlobalSection(SolutionProperties) = preSolution
		HideSolutionNode = FALSE
	EndGlobalSection
	GlobalSection(ExtensibilityGlobals) = postSolution
		SolutionGuid = {81226EC1-C70F-41E3-9931-0D87C29F2926}
	EndGlobalSection
EndGlobal
